# THIS IS AN AUTOGENERATED FILE. DO NOT EDIT THIS FILE DIRECTLY.
# yarn lockfile v1


"@polymer/app-layout@^3.0.0-pre.7":
  version "3.0.0-pre.8"
  resolved "https://registry.yarnpkg.com/@polymer/app-layout/-/app-layout-3.0.0-pre.8.tgz#3ee697c2bdceac4e7c94f651eb7be8ef24256489"
  dependencies:
    "@polymer/iron-flex-layout" "^3.0.0-pre.7"
    "@polymer/iron-media-query" "^3.0.0-pre.7"
    "@polymer/iron-resizable-behavior" "^3.0.0-pre.7"
    "@polymer/iron-scroll-target-behavior" "^3.0.0-pre.7"
    "@polymer/polymer" "^3.0.0-pre.7"

"@polymer/font-roboto@^3.0.0-pre.1", "@polymer/font-roboto@^3.0.0-pre.7":
  version "3.0.0-pre.8"
  resolved "https://registry.yarnpkg.com/@polymer/font-roboto/-/font-roboto-3.0.0-pre.8.tgz#c8a3e168eacab03cd91fd52d7be72f4fd199cab9"

"@polymer/iron-a11y-announcer@^3.0.0-pre.7":
  version "3.0.0-pre.8"
  resolved "https://registry.yarnpkg.com/@polymer/iron-a11y-announcer/-/iron-a11y-announcer-3.0.0-pre.8.tgz#f8da5f22de28e12448738e376f0427e695835191"
  dependencies:
    "@polymer/polymer" "^3.0.0-pre.7"

"@polymer/iron-a11y-keys-behavior@^3.0.0-pre.7":
  version "3.0.0-pre.8"
  resolved "https://registry.yarnpkg.com/@polymer/iron-a11y-keys-behavior/-/iron-a11y-keys-behavior-3.0.0-pre.8.tgz#bb090ba4065596c2f2bc5d463e408c499b706e1b"
  dependencies:
    "@polymer/polymer" "^3.0.0-pre.7"

"@polymer/iron-ajax@^3.0.0-pre.7":
  version "3.0.0-pre.8"
  resolved "https://registry.yarnpkg.com/@polymer/iron-ajax/-/iron-ajax-3.0.0-pre.8.tgz#cc2cfec08eb5bc7fbe853c64b06d3d317e270dbb"
  dependencies:
    "@polymer/polymer" "^3.0.0-pre.7"

"@polymer/iron-behaviors@^3.0.0-pre.7":
  version "3.0.0-pre.8"
  resolved "https://registry.yarnpkg.com/@polymer/iron-behaviors/-/iron-behaviors-3.0.0-pre.8.tgz#02916fe2314bd8b7fc2c3fe411b875fd46b32edb"
  dependencies:
    "@polymer/iron-a11y-keys-behavior" "^3.0.0-pre.7"
    "@polymer/polymer" "^3.0.0-pre.7"

"@polymer/iron-checked-element-behavior@^3.0.0-pre.7":
  version "3.0.0-pre.8"
  resolved "https://registry.yarnpkg.com/@polymer/iron-checked-element-behavior/-/iron-checked-element-behavior-3.0.0-pre.8.tgz#926aae13c180898aff8cda822df5c5011f79da3c"
  dependencies:
    "@polymer/iron-form-element-behavior" "^3.0.0-pre.7"
    "@polymer/iron-validatable-behavior" "^3.0.0-pre.7"
    "@polymer/polymer" "^3.0.0-pre.7"

"@polymer/iron-component-page@^3.0.0-pre.8":
  version "3.0.0-pre.8"
  resolved "https://registry.yarnpkg.com/@polymer/iron-component-page/-/iron-component-page-3.0.0-pre.8.tgz#0ebb43fa5baf40495eaff3863ebf276bf0c7325d"
  dependencies:
    "@polymer/app-layout" "^3.0.0-pre.7"
    "@polymer/iron-ajax" "^3.0.0-pre.7"
    "@polymer/iron-doc-viewer" "^3.0.0-pre.7"
    "@polymer/iron-icons" "^3.0.0-pre.7"
    "@polymer/paper-icon-button" "^3.0.0-pre.7"
    "@polymer/paper-styles" "^3.0.0-pre.7"
    "@polymer/paper-toast" "^3.0.0-pre.7"
    "@polymer/polymer" "^3.0.0-pre.7"

"@polymer/iron-demo-helpers@^3.0.0-pre.1":
  version "3.0.0-pre.8"
  resolved "https://registry.yarnpkg.com/@polymer/iron-demo-helpers/-/iron-demo-helpers-3.0.0-pre.8.tgz#58a3d527f1ab7222cc71ede7618541b93607386f"
  dependencies:
    "@polymer/font-roboto" "^3.0.0-pre.7"
    "@polymer/iron-flex-layout" "^3.0.0-pre.7"
    "@polymer/iron-location" "^3.0.0-pre.7"
    "@polymer/marked-element" "^3.0.0-pre.7"
    "@polymer/polymer" "^3.0.0-pre.7"
    "@polymer/prism-element" "^3.0.0-pre.7"

"@polymer/iron-doc-viewer@^3.0.0-pre.7":
  version "3.0.0-pre.8"
  resolved "https://registry.yarnpkg.com/@polymer/iron-doc-viewer/-/iron-doc-viewer-3.0.0-pre.8.tgz#f520936f078f3aea670e7d90f05df000962f9b28"
  dependencies:
    "@polymer/iron-location" "^3.0.0-pre.7"
    "@polymer/marked-element" "^3.0.0-pre.7"
    "@polymer/paper-styles" "^3.0.0-pre.7"
    "@polymer/polymer" "^3.0.0-pre.7"
    "@polymer/prism-element" "^3.0.0-pre.7"

"@polymer/iron-fit-behavior@^3.0.0-pre.7":
  version "3.0.0-pre.8"
  resolved "https://registry.yarnpkg.com/@polymer/iron-fit-behavior/-/iron-fit-behavior-3.0.0-pre.8.tgz#789e252acde3fae08b0fd33d7ef763de96497cd3"
  dependencies:
    "@polymer/polymer" "^3.0.0-pre.7"

"@polymer/iron-flex-layout@^3.0.0-pre.1", "@polymer/iron-flex-layout@^3.0.0-pre.7":
  version "3.0.0-pre.8"
  resolved "https://registry.yarnpkg.com/@polymer/iron-flex-layout/-/iron-flex-layout-3.0.0-pre.8.tgz#9588dec5d06e1a3d0671007680e54121141df7f4"
  dependencies:
    "@polymer/polymer" "^3.0.0-pre.7"

"@polymer/iron-form-element-behavior@^3.0.0-pre.7":
  version "3.0.0-pre.8"
  resolved "https://registry.yarnpkg.com/@polymer/iron-form-element-behavior/-/iron-form-element-behavior-3.0.0-pre.8.tgz#49cfbbcc053371b8f664b49509544566d94ac56b"
  dependencies:
    "@polymer/polymer" "^3.0.0-pre.7"

"@polymer/iron-icon@^3.0.0-pre.7":
  version "3.0.0-pre.8"
  resolved "https://registry.yarnpkg.com/@polymer/iron-icon/-/iron-icon-3.0.0-pre.8.tgz#5f1a5aa53ee74e0e76932a6ddd77f9ee380f055f"
  dependencies:
    "@polymer/iron-flex-layout" "^3.0.0-pre.7"
    "@polymer/iron-meta" "^3.0.0-pre.7"
    "@polymer/polymer" "^3.0.0-pre.7"

"@polymer/iron-icons@^3.0.0-pre.7":
  version "3.0.0-pre.8"
  resolved "https://registry.yarnpkg.com/@polymer/iron-icons/-/iron-icons-3.0.0-pre.8.tgz#6adf32c7294acb4d159c770c0a471819b38ae145"
  dependencies:
    "@polymer/iron-icon" "^3.0.0-pre.7"
    "@polymer/iron-iconset-svg" "^3.0.0-pre.7"
    "@polymer/polymer" "^3.0.0-pre.7"

"@polymer/iron-iconset-svg@^3.0.0-pre.7":
  version "3.0.0-pre.8"
  resolved "https://registry.yarnpkg.com/@polymer/iron-iconset-svg/-/iron-iconset-svg-3.0.0-pre.8.tgz#06c8f650517e7346f96b7200a2a4c3bef38255e0"
  dependencies:
    "@polymer/iron-meta" "^3.0.0-pre.7"
    "@polymer/polymer" "^3.0.0-pre.7"

"@polymer/iron-location@^3.0.0-pre.7":
  version "3.0.0-pre.8"
  resolved "https://registry.yarnpkg.com/@polymer/iron-location/-/iron-location-3.0.0-pre.8.tgz#2acf2a95decd72412f5c68e7cc732f8cee4422c2"
  dependencies:
    "@polymer/polymer" "^3.0.0-pre.7"

"@polymer/iron-media-query@^3.0.0-pre.7":
  version "3.0.0-pre.8"
  resolved "https://registry.yarnpkg.com/@polymer/iron-media-query/-/iron-media-query-3.0.0-pre.8.tgz#2e733d499de700620701fbf59261f463ae915e41"
  dependencies:
    "@polymer/polymer" "^3.0.0-pre.7"

"@polymer/iron-meta@^3.0.0-pre.7":
  version "3.0.0-pre.8"
  resolved "https://registry.yarnpkg.com/@polymer/iron-meta/-/iron-meta-3.0.0-pre.8.tgz#820585d219f7a76c940be6cc3cf851e9df66db38"
  dependencies:
    "@polymer/polymer" "^3.0.0-pre.7"

"@polymer/iron-overlay-behavior@^3.0.0-pre.7":
  version "3.0.0-pre.8"
  resolved "https://registry.yarnpkg.com/@polymer/iron-overlay-behavior/-/iron-overlay-behavior-3.0.0-pre.8.tgz#2536b03b82b7e753744d5521ce4b4c6d3596cae1"
  dependencies:
    "@polymer/iron-a11y-keys-behavior" "^3.0.0-pre.7"
    "@polymer/iron-fit-behavior" "^3.0.0-pre.7"
    "@polymer/iron-resizable-behavior" "^3.0.0-pre.7"
    "@polymer/polymer" "^3.0.0-pre.7"

"@polymer/iron-resizable-behavior@^3.0.0-pre.7":
  version "3.0.0-pre.8"
  resolved "https://registry.yarnpkg.com/@polymer/iron-resizable-behavior/-/iron-resizable-behavior-3.0.0-pre.8.tgz#2aa4489b1b45367fde383aa262374a5bb77c68a5"
  dependencies:
    "@polymer/polymer" "^3.0.0-pre.7"

"@polymer/iron-scroll-target-behavior@^3.0.0-pre.7":
  version "3.0.0-pre.8"
  resolved "https://registry.yarnpkg.com/@polymer/iron-scroll-target-behavior/-/iron-scroll-target-behavior-3.0.0-pre.8.tgz#7cf1147ba27d1f3a069a68f5ab46ec73471b495c"
  dependencies:
    "@polymer/polymer" "^3.0.0-pre.7"

"@polymer/iron-validatable-behavior@^3.0.0-pre.7":
  version "3.0.0-pre.8"
  resolved "https://registry.yarnpkg.com/@polymer/iron-validatable-behavior/-/iron-validatable-behavior-3.0.0-pre.8.tgz#36f68542ba16b3b0692540db0c29c69af96e26df"
  dependencies:
    "@polymer/iron-meta" "^3.0.0-pre.7"
    "@polymer/polymer" "^3.0.0-pre.7"

"@polymer/marked-element@^3.0.0-pre.1", "@polymer/marked-element@^3.0.0-pre.7":
  version "3.0.0-pre.8"
  resolved "https://registry.yarnpkg.com/@polymer/marked-element/-/marked-element-3.0.0-pre.8.tgz#4b7044b2a24594f59302b95059b1fddecbdcc73d"
  dependencies:
    "@polymer/polymer" "^3.0.0-pre.7"

"@polymer/paper-behaviors@^3.0.0-pre.7":
  version "3.0.0-pre.8"
  resolved "https://registry.yarnpkg.com/@polymer/paper-behaviors/-/paper-behaviors-3.0.0-pre.8.tgz#cc509c8f8f6fd59310f65bf14712668e2ae245d7"
  dependencies:
    "@polymer/iron-behaviors" "^3.0.0-pre.7"
    "@polymer/iron-checked-element-behavior" "^3.0.0-pre.7"
    "@polymer/paper-ripple" "^3.0.0-pre.7"
    "@polymer/polymer" "^3.0.0-pre.7"

"@polymer/paper-icon-button@^3.0.0-pre.7":
  version "3.0.0-pre.8"
  resolved "https://registry.yarnpkg.com/@polymer/paper-icon-button/-/paper-icon-button-3.0.0-pre.8.tgz#f7bd8a53761eaafd8ba9c2a6431516a2d2d48b54"
  dependencies:
    "@polymer/iron-icon" "^3.0.0-pre.7"
    "@polymer/paper-behaviors" "^3.0.0-pre.7"
    "@polymer/paper-styles" "^3.0.0-pre.7"
    "@polymer/polymer" "^3.0.0-pre.7"

"@polymer/paper-ripple@^3.0.0-pre.7":
  version "3.0.0-pre.8"
  resolved "https://registry.yarnpkg.com/@polymer/paper-ripple/-/paper-ripple-3.0.0-pre.8.tgz#e319e9f331148e68d333daf6bd3b709e09025ce1"
  dependencies:
    "@polymer/iron-a11y-keys-behavior" "^3.0.0-pre.7"
    "@polymer/polymer" "^3.0.0-pre.7"

"@polymer/paper-styles@^3.0.0-pre.7":
  version "3.0.0-pre.8"
  resolved "https://registry.yarnpkg.com/@polymer/paper-styles/-/paper-styles-3.0.0-pre.8.tgz#3f5ee7b025a8af914928c7c86add23ff05ae4f4d"
  dependencies:
    "@polymer/font-roboto" "^3.0.0-pre.7"
    "@polymer/iron-flex-layout" "^3.0.0-pre.7"
    "@polymer/polymer" "^3.0.0-pre.7"

"@polymer/paper-toast@^3.0.0-pre.7":
  version "3.0.0-pre.8"
  resolved "https://registry.yarnpkg.com/@polymer/paper-toast/-/paper-toast-3.0.0-pre.8.tgz#6bca5443a7c5db24719b4c78b75478595401dccb"
  dependencies:
    "@polymer/iron-a11y-announcer" "^3.0.0-pre.7"
    "@polymer/iron-fit-behavior" "^3.0.0-pre.7"
    "@polymer/iron-overlay-behavior" "^3.0.0-pre.7"
    "@polymer/polymer" "^3.0.0-pre.7"

"@polymer/polymer@^3.0.0-pre.7", "@polymer/polymer@^3.0.0-pre.9":
  version "3.0.0-pre.9"
  resolved "https://registry.yarnpkg.com/@polymer/polymer/-/polymer-3.0.0-pre.9.tgz#f25a9f6674a9fee0e486259b34ec60a6dcaffb28"
  dependencies:
    "@webcomponents/shadycss" "^1.0.0"
    "@webcomponents/webcomponentsjs" "^1.0.0"

"@polymer/prism-element@^3.0.0-pre.1", "@polymer/prism-element@^3.0.0-pre.7":
  version "3.0.0-pre.8"
  resolved "https://registry.yarnpkg.com/@polymer/prism-element/-/prism-element-3.0.0-pre.8.tgz#81bcc04837a92626b185557335ce7b8c7b55b330"
  dependencies:
    "@polymer/polymer" "^3.0.0-pre.7"

"@webcomponents/shadycss@^1.0.0":
  version "1.1.1"
  resolved "https://registry.yarnpkg.com/@webcomponents/shadycss/-/shadycss-1.1.1.tgz#abc821961c99a2b1c5e0f225cd01b139899ebc4c"

"@webcomponents/webcomponentsjs@^1.0.0", "@webcomponents/webcomponentsjs@^1.0.20":
  version "1.1.0"
  resolved "https://registry.yarnpkg.com/@webcomponents/webcomponentsjs/-/webcomponentsjs-1.1.0.tgz#1392799c266fca142622a720176f688beb74d181"

clipboard@^1.7.1:
  version "1.7.1"
  resolved "https://registry.yarnpkg.com/clipboard/-/clipboard-1.7.1.tgz#360d6d6946e99a7a1fef395e42ba92b5e9b5a16b"
  dependencies:
    good-listener "^1.2.2"
    select "^1.1.2"
    tiny-emitter "^2.0.0"

delegate@^3.1.2:
  version "3.2.0"
  resolved "https://registry.yarnpkg.com/delegate/-/delegate-3.2.0.tgz#b66b71c3158522e8ab5744f720d8ca0c2af59166"

good-listener@^1.2.2:
  version "1.2.2"
  resolved "https://registry.yarnpkg.com/good-listener/-/good-listener-1.2.2.tgz#d53b30cdf9313dffb7dc9a0d477096aa6d145c50"
  dependencies:
    delegate "^3.1.2"

marked@^0.3.12:
  version "0.3.12"
  resolved "https://registry.yarnpkg.com/marked/-/marked-0.3.12.tgz#7cf25ff2252632f3fe2406bde258e94eee927519"

prismjs@^1.11.0:
  version "1.11.0"
  resolved "https://registry.yarnpkg.com/prismjs/-/prismjs-1.11.0.tgz#297aef33eb79421bfdb19273a5092ca515970d29"
  optionalDependencies:
    clipboard "^1.7.1"

select@^1.1.2:
  version "1.1.2"
  resolved "https://registry.yarnpkg.com/select/-/select-1.1.2.tgz#0e7350acdec80b1108528786ec1d4418d11b396d"

smoothie@^1.34.0:
  version "1.34.0"
  resolved "https://registry.yarnpkg.com/smoothie/-/smoothie-1.34.0.tgz#501a314683269b66a76d86f8ede35f44050f4855"

tiny-emitter@^2.0.0:
  version "2.0.2"
  resolved "https://registry.yarnpkg.com/tiny-emitter/-/tiny-emitter-2.0.2.tgz#82d27468aca5ade8e5fd1e6d22b57dd43ebdfb7c"
